
Microsoft Visual Studio Solution File, Format Version 12.00
# Visual Studio 2017
Project("{FAE04EC0-301F-11D3-BF4B-00C04F79EFBC}") = "UnnamedProject", "UnnamedProject.csproj", "{CE8A6BAC-B709-B706-FB4E-CC846B1569C1}"
EndProject
Global
	GlobalSection(SolutionConfigurationPlatforms) = preSolution
		Debug|Any CPU = Debug|Any CPU
		Release|Any CPU = Release|Any CPU
	EndGlobalSection
	GlobalSection(ProjectConfigurationPlatforms) = postSolution
		{CE8A6BAC-B709-B706-FB4E-CC846B1569C1}.Debug|Any CPU.ActiveCfg = Debug|Any CPU
		{CE8A6BAC-B709-B706-FB4E-CC846B1569C1}.Debug|Any CPU.Build.0 = Debug|Any CPU
		{CE8A6BAC-B709-B706-FB4E-CC846B1569C1}.Release|Any CPU.ActiveCfg = Release|Any CPU
		{CE8A6BAC-B709-B706-FB4E-CC846B1569C1}.Release|Any CPU.Build.0 = Release|Any CPU
	EndGlobalSection
	GlobalSection(SolutionProperties) = preSolution
		HideSolutionNode = FALSE
	EndGlobalSection
EndGlobal
